
Microsoft Visual Studio Solution File, Format Version 12.00
# Visual Studio Version 17
VisualStudioVersion = 17.0.31903.59
MinimumVisualStudioVersion = 10.0.40219.1
Project("{FAE04EC0-301F-11D3-BF4B-00C04F79EFBC}") = "MyAppBeta1", "MyAppBeta1\MyAppBeta1.csproj", "{8130858D-D12A-4ED8-AAD9-68DA016E23DE}"
EndProject
Project("{FAE04EC0-301F-11D3-BF4B-00C04F79EFBC}") = "MyAppBeta2", "MyAppBeta2\MyAppBeta2.csproj", "{5A4203F8-C7DA-4E34-8910-1570287319A7}"
EndProject
Global
	GlobalSection(SolutionConfigurationPlatforms) = preSolution
		Debug|Any CPU = Debug|Any CPU
		Release|Any CPU = Release|Any CPU
	EndGlobalSection
	GlobalSection(SolutionProperties) = preSolution
		HideSolutionNode = FALSE
	EndGlobalSection
	GlobalSection(ProjectConfigurationPlatforms) = postSolution
		{8130858D-D12A-4ED8-AAD9-68DA016E23DE}.Debug|Any CPU.ActiveCfg = Debug|Any CPU
		{8130858D-D12A-4ED8-AAD9-68DA016E23DE}.Debug|Any CPU.Build.0 = Debug|Any CPU
		{8130858D-D12A-4ED8-AAD9-68DA016E23DE}.Release|Any CPU.ActiveCfg = Release|Any CPU
		{8130858D-D12A-4ED8-AAD9-68DA016E23DE}.Release|Any CPU.Build.0 = Release|Any CPU
		{5A4203F8-C7DA-4E34-8910-1570287319A7}.Debug|Any CPU.ActiveCfg = Debug|Any CPU
		{5A4203F8-C7DA-4E34-8910-1570287319A7}.Debug|Any CPU.Build.0 = Debug|Any CPU
		{5A4203F8-C7DA-4E34-8910-1570287319A7}.Release|Any CPU.ActiveCfg = Release|Any CPU
		{5A4203F8-C7DA-4E34-8910-1570287319A7}.Release|Any CPU.Build.0 = Release|Any CPU
	EndGlobalSection
EndGlobal
